
Microsoft Visual Studio Solution File, Format Version 12.00
# Visual Studio Version 16
VisualStudioVersion = 16.0.31605.320
MinimumVisualStudioVersion = 10.0.40219.1
Project("{FAE04EC0-301F-11D3-BF4B-00C04F79EFBC}") = "ConsoleApp1", "ConsoleApp1\ConsoleApp1.csproj", "{832DF4BF-4631-45FE-8D19-09861542EDAE}"
EndProject
Global
	GlobalSection(SolutionConfigurationPlatforms) = preSolution
		Debug|Any CPU = Debug|Any CPU
		Release|Any CPU = Release|Any CPU
	EndGlobalSection
	GlobalSection(ProjectConfigurationPlatforms) = postSolution
		{832DF4BF-4631-45FE-8D19-09861542EDAE}.Debug|Any CPU.ActiveCfg = Debug|Any CPU
		{832DF4BF-4631-45FE-8D19-09861542EDAE}.Debug|Any CPU.Build.0 = Debug|Any CPU
		{832DF4BF-4631-45FE-8D19-09861542EDAE}.Release|Any CPU.ActiveCfg = Release|Any CPU
		{832DF4BF-4631-45FE-8D19-09861542EDAE}.Release|Any CPU.Build.0 = Release|Any CPU
	EndGlobalSection
	GlobalSection(SolutionProperties) = preSolution
		HideSolutionNode = FALSE
	EndGlobalSection
	GlobalSection(ExtensibilityGlobals) = postSolution
		SolutionGuid = {9BF8464E-6DCF-4AE9-ADCA-EB683EC33FB3}
	EndGlobalSection
EndGlobal
